{
  "tag": "deposit-24756825.3",
  "steam_buildid": "24756825",
  "game_version": "1.3.0.7",
  "schema_version": "2",
  "published_utc": "2026-08-19T01:48:46Z",
  "download_base": "https://github.com/tednaleid/grimdawn-devotions/releases/download/deposit-24756825.3",
  "assets": [
    {
      "name": "facts.parquet",
      "dir": "deposit",
      "sha256": "04ca8b99157b45237f9793baa8e80a0f245081af3b0eed2ac422dfd0937c286a",
      "bytes": 16359074
    },
    {
      "name": "labels.parquet",
      "dir": "deposit",
      "sha256": "b9b9644d49fb7ad9e1290ce850fe108983d594695fb36e68d0ebc0613f978624",
      "bytes": 7056949
    },
    {
      "name": "meta.parquet",
      "dir": "deposit",
      "sha256": "870e1c1e982949534ed8127f9abe0c8a18456ab3bd3bfb9d5fe62e863cfe5397",
      "bytes": 1040
    },
    {
      "name": "entities.parquet",
      "dir": "derived",
      "sha256": "387d0e71b95961d7eab5d9cdea64c087afdeed05f9f0c2ee47d95d7127c66dbc",
      "bytes": 146544
    },
    {
      "name": "stats.parquet",
      "dir": "derived",
      "sha256": "6d1ae60927bbdd79edfa9b6892c2b3ccfa413bba722e7e31806196d295af4f39",
      "bytes": 502552
    },
    {
      "name": "relations.parquet",
      "dir": "derived",
      "sha256": "ba14cb33dcabc491274e81b488e3454a4315c80db508939d9652bd5a9cdc6709",
      "bytes": 54595
    },
    {
      "name": "families.parquet",
      "dir": "derived",
      "sha256": "9c6ba0b61d441cbbc6c1678b27e1bb427a1ce50555ffc5bebbc0f4926ab1cd6a",
      "bytes": 2621
    },
    {
      "name": "sources.parquet",
      "dir": "derived",
      "sha256": "710749dc9a2f9e84811bdd5cc33ad696f64ed2eab51e93369af946c083473358",
      "bytes": 17641
    },
    {
      "name": "boosts.parquet",
      "dir": "derived",
      "sha256": "4076838f252b261068197b8d73a066d158edc8b5bfbda7c488906ecc5df91aca",
      "bytes": 62429
    },
    {
      "name": "conversions.parquet",
      "dir": "derived",
      "sha256": "f6507d61bb75e6c56b02c6449361a591c7ce730871c3967754a66b882cf0ef8a",
      "bytes": 11078
    },
    {
      "name": "skill_effect.parquet",
      "dir": "derived",
      "sha256": "72b4dd48f245b909af13fc9b527c3911dadd9d97aa6c8712fa80a7980f1c01cb",
      "bytes": 51044
    },
    {
      "name": "skills.parquet",
      "dir": "derived",
      "sha256": "895657cce66703d068bce4aa8ee11e991f4a625c7d067854b6781468e2c86ce6",
      "bytes": 14644
    },
    {
      "name": "skill_ranks.parquet",
      "dir": "derived",
      "sha256": "01193c82b883ea31beb7907d28a0e020f63affc5c10865edb5d42232feb815f1",
      "bytes": 18600
    },
    {
      "name": "pet_ranks.parquet",
      "dir": "derived",
      "sha256": "68ddf2d441259d9127c50a3d56f4ba48f6e94372f600827f1827e30b5eec8e7b",
      "bytes": 8823
    },
    {
      "name": "skill_modifiers.parquet",
      "dir": "derived",
      "sha256": "f3f9de6895d74a9694edae41ac5522bafc2bc0100ea8a675d10c5e85b12f3d16",
      "bytes": 74914
    },
    {
      "name": "sets.parquet",
      "dir": "derived",
      "sha256": "db32607614d3b1b25f32ee0c400843efbb67dc835e3b77b9d061c3500e1b9537",
      "bytes": 1972
    },
    {
      "name": "set_modifiers.parquet",
      "dir": "derived",
      "sha256": "a1f2f73bca4e42a4025ff798a01b869ed74fa4f3bfdfdc8e15ea863324f20137",
      "bytes": 12346
    },
    {
      "name": "set_boosts.parquet",
      "dir": "derived",
      "sha256": "bb23032d78b2fcdd30a6b0ddeab508bf78f06776e16d9420be3b5f989b83626e",
      "bytes": 5484
    }
  ]
}
